// !$*UTF8*$!
{
	archiveVersion = 1;
	classes = {
	};
	objectVersion = 48;
	objects = {

/* Begin PBXBuildFile section */
		DD203AB7201647740085DC74 /* AppDelegate.swift in Sources */ = {isa = PBXBuildFile; fileRef = DD203AB6201647740085DC74 /* AppDelegate.swift */; };
		DD203AB9201647740085DC74 /* FirstViewController.swift in Sources */ = {isa = PBXBuildFile; fileRef = DD203AB8201647740085DC74 /* FirstViewController.swift */; };
		DD203ABB201647740085DC74 /* SecondViewController.swift in Sources */ = {isa = PBXBuildFile; fileRef = DD203ABA201647740085DC74 /* SecondViewController.swift */; };
		DD203ABE201647750085DC74 /* Main.storyboard in Resources */ = {isa = PBXBuildFile; fileRef = DD203ABC201647750085DC74 /* Main.storyboard */; };
		DD203AC0201647750085DC74 /* Assets.xcassets in Resources */ = {isa = PBXBuildFile; fileRef = DD203ABF201647750085DC74 /* Assets.xcassets */; };
		DD203AC3201647750085DC74 /* LaunchScreen.storyboard in Resources */ = {isa = PBXBuildFile; fileRef = DD203AC1201647750085DC74 /* LaunchScreen.storyboard */; };
		DD203ACE201647750085DC74 /* CoinwatchTests.swift in Sources */ = {isa = PBXBuildFile; fileRef = DD203ACD201647750085DC74 /* CoinwatchTests.swift */; };
		DD203AD9201647750085DC74 /* CoinwatchUITests.swift in Sources */ = {isa = PBXBuildFile; fileRef = DD203AD8201647750085DC74 /* CoinwatchUITests.swift */; };
		DD203AF32016487F0085DC74 /* CryptoLib.framework in Frameworks */ = {isa = PBXBuildFile; fileRef = DD203AF0201648780085DC74 /* CryptoLib.framework */; };
/* End PBXBuildFile section */

/* Begin PBXContainerItemProxy section */
		DD203ACA201647750085DC74 /* PBXContainerItemProxy */ = {
			isa = PBXContainerItemProxy;
			containerPortal = DD203AAB201647740085DC74 /* Project object */;
			proxyType = 1;
			remoteGlobalIDString = DD203AB2201647740085DC74;
			remoteInfo = Coinwatch;
		};
		DD203AD5201647750085DC74 /* PBXContainerItemProxy */ = {
			isa = PBXContainerItemProxy;
			containerPortal = DD203AAB201647740085DC74 /* Project object */;
			proxyType = 1;
			remoteGlobalIDString = DD203AB2201647740085DC74;
			remoteInfo = Coinwatch;
		};
		DD203AED201648780085DC74 /* PBXContainerItemProxy */ = {
			isa = PBXContainerItemProxy;
			containerPortal = DD203AE6201648780085DC74 /* Dependencies.xcodeproj */;
			proxyType = 2;
			remoteGlobalIDString = "Dependencies::Dependencies::Product";
			remoteInfo = Dependencies;
		};
		DD203AEF201648780085DC74 /* PBXContainerItemProxy */ = {
			isa = PBXContainerItemProxy;
			containerPortal = DD203AE6201648780085DC74 /* Dependencies.xcodeproj */;
			proxyType = 2;
			remoteGlobalIDString = "CryptoLib::CryptoLib::Product";
			remoteInfo = CryptoLib;
		};
/* End PBXContainerItemProxy section */

/* Begin PBXFileReference section */
		DD203AB3201647740085DC74 /* Coinwatch.app */ = {isa = PBXFileReference; explicitFileType = wrapper.application; includeInIndex = 0; path = Coinwatch.app; sourceTree = BUILT_PRODUCTS_DIR; };
		DD203AB6201647740085DC74 /* AppDelegate.swift */ = {isa = PBXFileReference; lastKnownFileType = sourcecode.swift; path = AppDelegate.swift; sourceTree = "<group>"; };
		DD203AB8201647740085DC74 /* FirstViewController.swift */ = {isa = PBXFileReference; lastKnownFileType = sourcecode.swift; path = FirstViewController.swift; sourceTree = "<group>"; };
		DD203ABA201647740085DC74 /* SecondViewController.swift */ = {isa = PBXFileReference; lastKnownFileType = sourcecode.swift; path = SecondViewController.swift; sourceTree = "<group>"; };
		DD203ABD201647750085DC74 /* Base */ = {isa = PBXFileReference; lastKnownFileType = file.storyboard; name = Base; path = Base.lproj/Main.storyboard; sourceTree = "<group>"; };
		DD203ABF201647750085DC74 /* Assets.xcassets */ = {isa = PBXFileReference; lastKnownFileType = folder.assetcatalog; path = Assets.xcassets; sourceTree = "<group>"; };
		DD203AC2201647750085DC74 /* Base */ = {isa = PBXFileReference; lastKnownFileType = file.storyboard; name = Base; path = Base.lproj/LaunchScreen.storyboard; sourceTree = "<group>"; };
		DD203AC4201647750085DC74 /* Info.plist */ = {isa = PBXFileReference; lastKnownFileType = text.plist.xml; path = Info.plist; sourceTree = "<group>"; };
		DD203AC9201647750085DC74 /* CoinwatchTests.xctest */ = {isa = PBXFileReference; explicitFileType = wrapper.cfbundle; includeInIndex = 0; path = CoinwatchTests.xctest; sourceTree = BUILT_PRODUCTS_DIR; };
		DD203ACD201647750085DC74 /* CoinwatchTests.swift */ = {isa = PBXFileReference; lastKnownFileType = sourcecode.swift; path = CoinwatchTests.swift; sourceTree = "<group>"; };
		DD203ACF201647750085DC74 /* Info.plist */ = {isa = PBXFileReference; lastKnownFileType = text.plist.xml; path = Info.plist; sourceTree = "<group>"; };
		DD203AD4201647750085DC74 /* CoinwatchUITests.xctest */ = {isa = PBXFileReference; explicitFileType = wrapper.cfbundle; includeInIndex = 0; path = CoinwatchUITests.xctest; sourceTree = BUILT_PRODUCTS_DIR; };
		DD203AD8201647750085DC74 /* CoinwatchUITests.swift */ = {isa = PBXFileReference; lastKnownFileType = sourcecode.swift; path = CoinwatchUITests.swift; sourceTree = "<group>"; };
		DD203ADA201647750085DC74 /* Info.plist */ = {isa = PBXFileReference; lastKnownFileType = text.plist.xml; path = Info.plist; sourceTree = "<group>"; };
		DD203AE6201648780085DC74 /* Dependencies.xcodeproj */ = {isa = PBXFileReference; lastKnownFileType = "wrapper.pb-project"; path = Dependencies.xcodeproj; sourceTree = "<group>"; };
/* End PBXFileReference section */

/* Begin PBXFrameworksBuildPhase section */
		DD203AB0201647740085DC74 /* Frameworks */ = {
			isa = PBXFrameworksBuildPhase;
			buildActionMask = 2147483647;
			files = (
				DD203AF32016487F0085DC74 /* CryptoLib.framework in Frameworks */,
			);
			runOnlyForDeploymentPostprocessing = 0;
		};
		DD203AC6201647750085DC74 /* Frameworks */ = {
			isa = PBXFrameworksBuildPhase;
			buildActionMask = 2147483647;
			files = (
			);
			runOnlyForDeploymentPostprocessing = 0;
		};
		DD203AD1201647750085DC74 /* Frameworks */ = {
			isa = PBXFrameworksBuildPhase;
			buildActionMask = 2147483647;
			files = (
			);
			runOnlyForDeploymentPostprocessing = 0;
		};
/* End PBXFrameworksBuildPhase section */

/* Begin PBXGroup section */
		DD203AAA201647740085DC74 = {
			isa = PBXGroup;
			children = (
				DD203AE6201648780085DC74 /* Dependencies.xcodeproj */,
				DD203AB5201647740085DC74 /* Coinwatch */,
				DD203ACC201647750085DC74 /* CoinwatchTests */,
				DD203AD7201647750085DC74 /* CoinwatchUITests */,
				DD203AB4201647740085DC74 /* Products */,
				DD203AF22016487F0085DC74 /* Frameworks */,
			);
			sourceTree = "<group>";
		};
		DD203AB4201647740085DC74 /* Products */ = {
			isa = PBXGroup;
			children = (
				DD203AB3201647740085DC74 /* Coinwatch.app */,
				DD203AC9201647750085DC74 /* CoinwatchTests.xctest */,
				DD203AD4201647750085DC74 /* CoinwatchUITests.xctest */,
			);
			name = Products;
			sourceTree = "<group>";
		};
		DD203AB5201647740085DC74 /* Coinwatch */ = {
			isa = PBXGroup;
			children = (
				DD203AB6201647740085DC74 /* AppDelegate.swift */,
				DD203AB8201647740085DC74 /* FirstViewController.swift */,
				DD203ABA201647740085DC74 /* SecondViewController.swift */,
				DD203ABC201647750085DC74 /* Main.storyboard */,
				DD203ABF201647750085DC74 /* Assets.xcassets */,
				DD203AC1201647750085DC74 /* LaunchScreen.storyboard */,
				DD203AC4201647750085DC74 /* Info.plist */,
			);
			path = Coinwatch;
			sourceTree = "<group>";
		};
		DD203ACC201647750085DC74 /* CoinwatchTests */ = {
			isa = PBXGroup;
			children = (
				DD203ACD201647750085DC74 /* CoinwatchTests.swift */,
				DD203ACF201647750085DC74 /* Info.plist */,
			);
			path = CoinwatchTests;
			sourceTree = "<group>";
		};
		DD203AD7201647750085DC74 /* CoinwatchUITests */ = {
			isa = PBXGroup;
			children = (
				DD203AD8201647750085DC74 /* CoinwatchUITests.swift */,
				DD203ADA201647750085DC74 /* Info.plist */,
			);
			path = CoinwatchUITests;
			sourceTree = "<group>";
		};
		DD203AE7201648780085DC74 /* Products */ = {
			isa = PBXGroup;
			children = (
				DD203AEE201648780085DC74 /* Dependencies.framework */,
				DD203AF0201648780085DC74 /* CryptoLib.framework */,
			);
			name = Products;
			sourceTree = "<group>";
		};
		DD203AF22016487F0085DC74 /* Frameworks */ = {
			isa = PBXGroup;
			children = (
			);
			name = Frameworks;
			sourceTree = "<group>";
		};
/* End PBXGroup section */

/* Begin PBXNativeTarget section */
		DD203AB2201647740085DC74 /* Coinwatch */ = {
			isa = PBXNativeTarget;
			buildConfigurationList = DD203ADD201647750085DC74 /* Build configuration list for PBXNativeTarget "Coinwatch" */;
			buildPhases = (
				DD203AAF201647740085DC74 /* Sources */,
				DD203AB0201647740085DC74 /* Frameworks */,
				DD203AB1201647740085DC74 /* Resources */,
			);
			buildRules = (
			);
			dependencies = (
			);
			name = Coinwatch;
			productName = Coinwatch;
			productReference = DD203AB3201647740085DC74 /* Coinwatch.app */;
			productType = "com.apple.product-type.application";
		};
		DD203AC8201647750085DC74 /* CoinwatchTests */ = {
			isa = PBXNativeTarget;
			buildConfigurationList = DD203AE0201647750085DC74 /* Build configuration list for PBXNativeTarget "CoinwatchTests" */;
			buildPhases = (
				DD203AC5201647750085DC74 /* Sources */,
				DD203AC6201647750085DC74 /* Frameworks */,
				DD203AC7201647750085DC74 /* Resources */,
			);
			buildRules = (
			);
			dependencies = (
				DD203ACB201647750085DC74 /* PBXTargetDependency */,
			);
			name = CoinwatchTests;
			productName = CoinwatchTests;
			productReference = DD203AC9201647750085DC74 /* CoinwatchTests.xctest */;
			productType = "com.apple.product-type.bundle.unit-test";
		};
		DD203AD3201647750085DC74 /* CoinwatchUITests */ = {
			isa = PBXNativeTarget;
			buildConfigurationList = DD203AE3201647750085DC74 /* Build configuration list for PBXNativeTarget "CoinwatchUITests" */;
			buildPhases = (
				DD203AD0201647750085DC74 /* Sources */,
				DD203AD1201647750085DC74 /* Frameworks */,
				DD203AD2201647750085DC74 /* Resources */,
			);
			buildRules = (
			);
			dependencies = (
				DD203AD6201647750085DC74 /* PBXTargetDependency */,
			);
			name = CoinwatchUITests;
			productName = CoinwatchUITests;
			productReference = DD203AD4201647750085DC74 /* CoinwatchUITests.xctest */;
			productType = "com.apple.product-type.bundle.ui-testing";
		};
/* End PBXNativeTarget section */

/* Begin PBXProject section */
		DD203AAB201647740085DC74 /* Project object */ = {
			isa = PBXProject;
			attributes = {
				LastSwiftUpdateCheck = 0920;
				LastUpgradeCheck = 0920;
				ORGANIZATIONNAME = "Burguiére Thomas, SAS-OXD-EDE-OHS";
				TargetAttributes = {
					DD203AB2201647740085DC74 = {
						CreatedOnToolsVersion = 9.2;
						ProvisioningStyle = Automatic;
					};
					DD203AC8201647750085DC74 = {
						CreatedOnToolsVersion = 9.2;
						ProvisioningStyle = Automatic;
						TestTargetID = DD203AB2201647740085DC74;
					};
					DD203AD3201647750085DC74 = {
						CreatedOnToolsVersion = 9.2;
						ProvisioningStyle = Automatic;
						TestTargetID = DD203AB2201647740085DC74;
					};
				};
			};
			buildConfigurationList = DD203AAE201647740085DC74 /* Build configuration list for PBXProject "Coinwatch" */;
			compatibilityVersion = "Xcode 8.0";
			developmentRegion = en;
			hasScannedForEncodings = 0;
			knownRegions = (
				en,
				Base,
			);
			mainGroup = DD203AAA201647740085DC74;
			productRefGroup = DD203AB4201647740085DC74 /* Products */;
			projectDirPath = "";
			projectReferences = (
				{
					ProductGroup = DD203AE7201648780085DC74 /* Products */;
					ProjectRef = DD203AE6201648780085DC74 /* Dependencies.xcodeproj */;
				},
			);
			projectRoot = "";
			targets = (
				DD203AB2201647740085DC74 /* Coinwatch */,
				DD203AC8201647750085DC74 /* CoinwatchTests */,
				DD203AD3201647750085DC74 /* CoinwatchUITests */,
			);
		};
/* End PBXProject section */

/* Begin PBXReferenceProxy section */
		DD203AEE201648780085DC74 /* Dependencies.framework */ = {
			isa = PBXReferenceProxy;
			fileType = wrapper.framework;
			path = Dependencies.framework;
			remoteRef = DD203AED201648780085DC74 /* PBXContainerItemProxy */;
			sourceTree = BUILT_PRODUCTS_DIR;
		};
		DD203AF0201648780085DC74 /* CryptoLib.framework */ = {
			isa = PBXReferenceProxy;
			fileType = wrapper.framework;
			path = CryptoLib.framework;
			remoteRef = DD203AEF201648780085DC74 /* PBXContainerItemProxy */;
			sourceTree = BUILT_PRODUCTS_DIR;
		};
/* End PBXReferenceProxy section */

/* Begin PBXResourcesBuildPhase section */
		DD203AB1201647740085DC74 /* Resources */ = {
			isa = PBXResourcesBuildPhase;
			buildActionMask = 2147483647;
			files = (
				DD203AC3201647750085DC74 /* LaunchScreen.storyboard in Resources */,
				DD203AC0201647750085DC74 /* Assets.xcassets in Resources */,
				DD203ABE201647750085DC74 /* Main.storyboard in Resources */,
			);
			runOnlyForDeploymentPostprocessing = 0;
		};
		DD203AC7201647750085DC74 /* Resources */ = {
			isa = PBXResourcesBuildPhase;
			buildActionMask = 2147483647;
			files = (
			);
			runOnlyForDeploymentPostprocessing = 0;
		};
		DD203AD2201647750085DC74 /* Resources */ = {
			isa = PBXResourcesBuildPhase;
			buildActionMask = 2147483647;
			files = (
			);
			runOnlyForDeploymentPostprocessing = 0;
		};
/* End PBXResourcesBuildPhase section */

/* Begin PBXSourcesBuildPhase section */
		DD203AAF201647740085DC74 /* Sources */ = {
			isa = PBXSourcesBuildPhase;
			buildActionMask = 2147483647;
			files = (
				DD203ABB201647740085DC74 /* SecondViewController.swift in Sources */,
				DD203AB7201647740085DC74 /* AppDelegate.swift in Sources */,
				DD203AB9201647740085DC74 /* FirstViewController.swift in Sources */,
			);
			runOnlyForDeploymentPostprocessing = 0;
		};
		DD203AC5201647750085DC74 /* Sources */ = {
			isa = PBXSourcesBuildPhase;
			buildActionMask = 2147483647;
			files = (
				DD203ACE201647750085DC74 /* CoinwatchTests.swift in Sources */,
			);
			runOnlyForDeploymentPostprocessing = 0;
		};
		DD203AD0201647750085DC74 /* Sources */ = {
			isa = PBXSourcesBuildPhase;
			buildActionMask = 2147483647;
			files = (
				DD203AD9201647750085DC74 /* CoinwatchUITests.swift in Sources */,
			);
			runOnlyForDeploymentPostprocessing = 0;
		};
/* End PBXSourcesBuildPhase section */

/* Begin PBXTargetDependency section */
		DD203ACB201647750085DC74 /* PBXTargetDependency */ = {
			isa = PBXTargetDependency;
			target = DD203AB2201647740085DC74 /* Coinwatch */;
			targetProxy = DD203ACA201647750085DC74 /* PBXContainerItemProxy */;
		};
		DD203AD6201647750085DC74 /* PBXTargetDependency */ = {
			isa = PBXTargetDependency;
			target = DD203AB2201647740085DC74 /* Coinwatch */;
			targetProxy = DD203AD5201647750085DC74 /* PBXContainerItemProxy */;
		};
/* End PBXTargetDependency section */

/* Begin PBXVariantGroup section */
		DD203ABC201647750085DC74 /* Main.storyboard */ = {
			isa = PBXVariantGroup;
			children = (
				DD203ABD201647750085DC74 /* Base */,
			);
			name = Main.storyboard;
			sourceTree = "<group>";
		};
		DD203AC1201647750085DC74 /* LaunchScreen.storyboard */ = {
			isa = PBXVariantGroup;
			children = (
				DD203AC2201647750085DC74 /* Base */,
			);
			name = LaunchScreen.storyboard;
			sourceTree = "<group>";
		};
/* End PBXVariantGroup section */

/* Begin XCBuildConfiguration section */
		DD203ADB201647750085DC74 /* Debug */ = {
			isa = XCBuildConfiguration;
			buildSettings = {
				ALWAYS_SEARCH_USER_PATHS = NO;
				CLANG_ANALYZER_NONNULL = YES;
				CLANG_ANALYZER_NUMBER_OBJECT_CONVERSION = YES_AGGRESSIVE;
				CLANG_CXX_LANGUAGE_STANDARD = "gnu++14";
				CLANG_CXX_LIBRARY = "libc++";
				CLANG_ENABLE_MODULES = YES;
				CLANG_ENABLE_OBJC_ARC = YES;
				CLANG_WARN_BLOCK_CAPTURE_AUTORELEASING = YES;
				CLANG_WARN_BOOL_CONVERSION = YES;
				CLANG_WARN_COMMA = YES;
				CLANG_WARN_CONSTANT_CONVERSION = YES;
				CLANG_WARN_DIRECT_OBJC_ISA_USAGE = YES_ERROR;
				CLANG_WARN_DOCUMENTATION_COMMENTS = YES;
				CLANG_WARN_EMPTY_BODY = YES;
				CLANG_WARN_ENUM_CONVERSION = YES;
				CLANG_WARN_INFINITE_RECURSION = YES;
				CLANG_WARN_INT_CONVERSION = YES;
				CLANG_WARN_NON_LITERAL_NULL_CONVERSION = YES;
				CLANG_WARN_OBJC_LITERAL_CONVERSION = YES;
				CLANG_WARN_OBJC_ROOT_CLASS = YES_ERROR;
				CLANG_WARN_RANGE_LOOP_ANALYSIS = YES;
				CLANG_WARN_STRICT_PROTOTYPES = YES;
				CLANG_WARN_SUSPICIOUS_MOVE = YES;
				CLANG_WARN_UNGUARDED_AVAILABILITY = YES_AGGRESSIVE;
				CLANG_WARN_UNREACHABLE_CODE = YES;
				CLANG_WARN__DUPLICATE_METHOD_MATCH = YES;
				CODE_SIGN_IDENTITY = "iPhone Developer";
				COPY_PHASE_STRIP = NO;
				DEBUG_INFORMATION_FORMAT = dwarf;
				ENABLE_STRICT_OBJC_MSGSEND = YES;
				ENABLE_TESTABILITY = YES;
				GCC_C_LANGUAGE_STANDARD = gnu11;
				GCC_DYNAMIC_NO_PIC = NO;
				GCC_NO_COMMON_BLOCKS = YES;
				GCC_OPTIMIZATION_LEVEL = 0;
				GCC_PREPROCESSOR_DEFINITIONS = (
					"DEBUG=1",
					"$(inherited)",
				);
				GCC_WARN_64_TO_32_BIT_CONVERSION = YES;
				GCC_WARN_ABOUT_RETURN_TYPE = YES_ERROR;
				GCC_WARN_UNDECLARED_SELECTOR = YES;
				GCC_WARN_UNINITIALIZED_AUTOS = YES_AGGRESSIVE;
				GCC_WARN_UNUSED_FUNCTION = YES;
				GCC_WARN_UNUSED_VARIABLE = YES;
				IPHONEOS_DEPLOYMENT_TARGET = 11.2;
				MTL_ENABLE_DEBUG_INFO = YES;
				ONLY_ACTIVE_ARCH = YES;
				SDKROOT = iphoneos;
				SWIFT_ACTIVE_COMPILATION_CONDITIONS = DEBUG;
				SWIFT_OPTIMIZATION_LEVEL = "-Onone";
			};
			name = Debug;
		};
		DD203ADC201647750085DC74 /* Release */ = {
			isa = XCBuildConfiguration;
			buildSettings = {
				ALWAYS_SEARCH_USER_PATHS = NO;
				CLANG_ANALYZER_NONNULL = YES;
				CLANG_ANALYZER_NUMBER_OBJECT_CONVERSION = YES_AGGRESSIVE;
				CLANG_CXX_LANGUAGE_STANDARD = "gnu++14";
				CLANG_CXX_LIBRARY = "libc++";
				CLANG_ENABLE_MODULES = YES;
				CLANG_ENABLE_OBJC_ARC = YES;
				CLANG_WARN_BLOCK_CAPTURE_AUTORELEASING = YES;
				CLANG_WARN_BOOL_CONVERSION = YES;
				CLANG_WARN_COMMA = YES;
				CLANG_WARN_CONSTANT_CONVERSION = YES;
				CLANG_WARN_DIRECT_OBJC_ISA_USAGE = YES_ERROR;
				CLANG_WARN_DOCUMENTATION_COMMENTS = YES;
				CLANG_WARN_EMPTY_BODY = YES;
				CLANG_WARN_ENUM_CONVERSION = YES;
				CLANG_WARN_INFINITE_RECURSION = YES;
				CLANG_WARN_INT_CONVERSION = YES;
				CLANG_WARN_NON_LITERAL_NULL_CONVERSION = YES;
				CLANG_WARN_OBJC_LITERAL_CONVERSION = YES;
				CLANG_WARN_OBJC_ROOT_CLASS = YES_ERROR;
				CLANG_WARN_RANGE_LOOP_ANALYSIS = YES;
				CLANG_WARN_STRICT_PROTOTYPES = YES;
				CLANG_WARN_SUSPICIOUS_MOVE = YES;
				CLANG_WARN_UNGUARDED_AVAILABILITY = YES_AGGRESSIVE;
				CLANG_WARN_UNREACHABLE_CODE = YES;
				CLANG_WARN__DUPLICATE_METHOD_MATCH = YES;
				CODE_SIGN_IDENTITY = "iPhone Developer";
				COPY_PHASE_STRIP = NO;
				DEBUG_INFORMATION_FORMAT = "dwarf-with-dsym";
				ENABLE_NS_ASSERTIONS = NO;
				ENABLE_STRICT_OBJC_MSGSEND = YES;
				GCC_C_LANGUAGE_STANDARD = gnu11;
				GCC_NO_COMMON_BLOCKS = YES;
				GCC_WARN_64_TO_32_BIT_CONVERSION = YES;
				GCC_WARN_ABOUT_RETURN_TYPE = YES_ERROR;
				GCC_WARN_UNDECLARED_SELECTOR = YES;
				GCC_WARN_UNINITIALIZED_AUTOS = YES_AGGRESSIVE;
				GCC_WARN_UNUSED_FUNCTION = YES;
				GCC_WARN_UNUSED_VARIABLE = YES;
				IPHONEOS_DEPLOYMENT_TARGET = 11.2;
				MTL_ENABLE_DEBUG_INFO = NO;
				SDKROOT = iphoneos;
				SWIFT_OPTIMIZATION_LEVEL = "-Owholemodule";
				VALIDATE_PRODUCT = YES;
			};
			name = Release;
		};
		DD203ADE201647750085DC74 /* Debug */ = {
			isa = XCBuildConfiguration;
			buildSettings = {
				ASSETCATALOG_COMPILER_APPICON_NAME = AppIcon;
				CODE_SIGN_STYLE = Automatic;
				DEVELOPMENT_TEAM = AW8TQBV7G4;
				INFOPLIST_FILE = Coinwatch/Info.plist;
				LD_RUNPATH_SEARCH_PATHS = "$(inherited) @executable_path/Frameworks";
				PRODUCT_BUNDLE_IDENTIFIER = ch.burguiere.Coinwatch;
				PRODUCT_NAME = "$(TARGET_NAME)";
				SWIFT_VERSION = 4.0;
				TARGETED_DEVICE_FAMILY = "1,2";
			};
			name = Debug;
		};
		DD203ADF201647750085DC74 /* Release */ = {
			isa = XCBuildConfiguration;
			buildSettings = {
				ASSETCATALOG_COMPILER_APPICON_NAME = AppIcon;
				CODE_SIGN_STYLE = Automatic;
				DEVELOPMENT_TEAM = AW8TQBV7G4;
				INFOPLIST_FILE = Coinwatch/Info.plist;
				LD_RUNPATH_SEARCH_PATHS = "$(inherited) @executable_path/Frameworks";
				PRODUCT_BUNDLE_IDENTIFIER = ch.burguiere.Coinwatch;
				PRODUCT_NAME = "$(TARGET_NAME)";
				SWIFT_VERSION = 4.0;
				TARGETED_DEVICE_FAMILY = "1,2";
			};
			name = Release;
		};
		DD203AE1201647750085DC74 /* Debug */ = {
			isa = XCBuildConfiguration;
			buildSettings = {
				ALWAYS_EMBED_SWIFT_STANDARD_LIBRARIES = YES;
				BUNDLE_LOADER = "$(TEST_HOST)";
				CODE_SIGN_STYLE = Automatic;
				DEVELOPMENT_TEAM = AW8TQBV7G4;
				INFOPLIST_FILE = CoinwatchTests/Info.plist;
				LD_RUNPATH_SEARCH_PATHS = "$(inherited) @executable_path/Frameworks @loader_path/Frameworks";
				PRODUCT_BUNDLE_IDENTIFIER = ch.burguiere.CoinwatchTests;
				PRODUCT_NAME = "$(TARGET_NAME)";
				SWIFT_VERSION = 4.0;
				TARGETED_DEVICE_FAMILY = "1,2";
				TEST_HOST = "$(BUILT_PRODUCTS_DIR)/Coinwatch.app/Coinwatch";
			};
			name = Debug;
		};
		DD203AE2201647750085DC74 /* Release */ = {
			isa = XCBuildConfiguration;
			buildSettings = {
				ALWAYS_EMBED_SWIFT_STANDARD_LIBRARIES = YES;
				BUNDLE_LOADER = "$(TEST_HOST)";
				CODE_SIGN_STYLE = Automatic;
				DEVELOPMENT_TEAM = AW8TQBV7G4;
				INFOPLIST_FILE = CoinwatchTests/Info.plist;
				LD_RUNPATH_SEARCH_PATHS = "$(inherited) @executable_path/Frameworks @loader_path/Frameworks";
				PRODUCT_BUNDLE_IDENTIFIER = ch.burguiere.CoinwatchTests;
				PRODUCT_NAME = "$(TARGET_NAME)";
				SWIFT_VERSION = 4.0;
				TARGETED_DEVICE_FAMILY = "1,2";
				TEST_HOST = "$(BUILT_PRODUCTS_DIR)/Coinwatch.app/Coinwatch";
			};
			name = Release;
		};
		DD203AE4201647750085DC74 /* Debug */ = {
			isa = XCBuildConfiguration;
			buildSettings = {
				ALWAYS_EMBED_SWIFT_STANDARD_LIBRARIES = YES;
				CODE_SIGN_STYLE = Automatic;
				DEVELOPMENT_TEAM = AW8TQBV7G4;
				INFOPLIST_FILE = CoinwatchUITests/Info.plist;
				LD_RUNPATH_SEARCH_PATHS = "$(inherited) @executable_path/Frameworks @loader_path/Frameworks";
				PRODUCT_BUNDLE_IDENTIFIER = ch.burguiere.CoinwatchUITests;
				PRODUCT_NAME = "$(TARGET_NAME)";
				SWIFT_VERSION = 4.0;
				TARGETED_DEVICE_FAMILY = "1,2";
				TEST_TARGET_NAME = Coinwatch;
			};
			name = Debug;
		};
		DD203AE5201647750085DC74 /* Release */ = {
			isa = XCBuildConfiguration;
			buildSettings = {
				ALWAYS_EMBED_SWIFT_STANDARD_LIBRARIES = YES;
				CODE_SIGN_STYLE = Automatic;
				DEVELOPMENT_TEAM = AW8TQBV7G4;
				INFOPLIST_FILE = CoinwatchUITests/Info.plist;
				LD_RUNPATH_SEARCH_PATHS = "$(inherited) @executable_path/Frameworks @loader_path/Frameworks";
				PRODUCT_BUNDLE_IDENTIFIER = ch.burguiere.CoinwatchUITests;
				PRODUCT_NAME = "$(TARGET_NAME)";
				SWIFT_VERSION = 4.0;
				TARGETED_DEVICE_FAMILY = "1,2";
				TEST_TARGET_NAME = Coinwatch;
			};
			name = Release;
		};
/* End XCBuildConfiguration section */

/* Begin XCConfigurationList section */
		DD203AAE201647740085DC74 /* Build configuration list for PBXProject "Coinwatch" */ = {
			isa = XCConfigurationList;
			buildConfigurations = (
				DD203ADB201647750085DC74 /* Debug */,
				DD203ADC201647750085DC74 /* Release */,
			);
			defaultConfigurationIsVisible = 0;
			defaultConfigurationName = Release;
		};
		DD203ADD201647750085DC74 /* Build configuration list for PBXNativeTarget "Coinwatch" */ = {
			isa = XCConfigurationList;
			buildConfigurations = (
				DD203ADE201647750085DC74 /* Debug */,
				DD203ADF201647750085DC74 /* Release */,
			);
			defaultConfigurationIsVisible = 0;
			defaultConfigurationName = Release;
		};
		DD203AE0201647750085DC74 /* Build configuration list for PBXNativeTarget "CoinwatchTests" */ = {
			isa = XCConfigurationList;
			buildConfigurations = (
				DD203AE1201647750085DC74 /* Debug */,
				DD203AE2201647750085DC74 /* Release */,
			);
			defaultConfigurationIsVisible = 0;
			defaultConfigurationName = Release;
		};
		DD203AE3201647750085DC74 /* Build configuration list for PBXNativeTarget "CoinwatchUITests" */ = {
			isa = XCConfigurationList;
			buildConfigurations = (
				DD203AE4201647750085DC74 /* Debug */,
				DD203AE5201647750085DC74 /* Release */,
			);
			defaultConfigurationIsVisible = 0;
			defaultConfigurationName = Release;
		};
/* End XCConfigurationList section */
	};
	rootObject = DD203AAB201647740085DC74 /* Project object */;
}
